// !$*UTF8*$!
{
	archiveVersion = 1;
	classes = {
	};
	objectVersion = 52;
	objects = {

/* Begin PBXBuildFile section */
		0799A6E222A31D61F370EA9A /* Pods_freeNowiOSCodeChallenge.framework in Frameworks */ = {isa = PBXBuildFile; fileRef = EF42B426CA7588BFE842AB8E /* Pods_freeNowiOSCodeChallenge.framework */; };
		113C1BD2256425FC0063017F /* ActivityIndicator in Frameworks */ = {isa = PBXBuildFile; productRef = 113C1BD1256425FC0063017F /* ActivityIndicator */; };
		113C1BD725642A480063017F /* MarkerViewModel.swift in Sources */ = {isa = PBXBuildFile; fileRef = 113C1BD625642A480063017F /* MarkerViewModel.swift */; };
		113C1BDC256437170063017F /* MapViewModelTest.swift in Sources */ = {isa = PBXBuildFile; fileRef = 113C1BDB256437170063017F /* MapViewModelTest.swift */; };
		113C1BF025646E470063017F /* MarkerLabel.swift in Sources */ = {isa = PBXBuildFile; fileRef = 113C1BEF25646E470063017F /* MarkerLabel.swift */; };
		113C1BF525646F700063017F /* PoiItem.swift in Sources */ = {isa = PBXBuildFile; fileRef = 113C1BF425646F700063017F /* PoiItem.swift */; };
		119C88A32562E2940088334B /* DIContainer.swift in Sources */ = {isa = PBXBuildFile; fileRef = 119C88A22562E2940088334B /* DIContainer.swift */; };
		119C88A8256312990088334B /* PoilistViewModelTest.swift in Sources */ = {isa = PBXBuildFile; fileRef = 119C88A7256312990088334B /* PoilistViewModelTest.swift */; };
		119C88B125631AD00088334B /* DoubleExtensions.swift in Sources */ = {isa = PBXBuildFile; fileRef = 119C88B025631AD00088334B /* DoubleExtensions.swift */; };
		119C88B625631FE20088334B /* UITableViewExtension.swift in Sources */ = {isa = PBXBuildFile; fileRef = 119C88B525631FE20088334B /* UITableViewExtension.swift */; };
		119C88BB256325570088334B /* MapViewModel.swift in Sources */ = {isa = PBXBuildFile; fileRef = 119C88BA256325570088334B /* MapViewModel.swift */; };
		11F74990255EBDFC00E4CDE5 /* AppDelegate.swift in Sources */ = {isa = PBXBuildFile; fileRef = 11F7498F255EBDFC00E4CDE5 /* AppDelegate.swift */; };
		11F74992255EBDFC00E4CDE5 /* SceneDelegate.swift in Sources */ = {isa = PBXBuildFile; fileRef = 11F74991255EBDFC00E4CDE5 /* SceneDelegate.swift */; };
		11F74997255EBDFC00E4CDE5 /* Main.storyboard in Resources */ = {isa = PBXBuildFile; fileRef = 11F74995255EBDFC00E4CDE5 /* Main.storyboard */; };
		11F74999255EBE0D00E4CDE5 /* Assets.xcassets in Resources */ = {isa = PBXBuildFile; fileRef = 11F74998255EBE0D00E4CDE5 /* Assets.xcassets */; };
		11F7499C255EBE0D00E4CDE5 /* LaunchScreen.storyboard in Resources */ = {isa = PBXBuildFile; fileRef = 11F7499A255EBE0D00E4CDE5 /* LaunchScreen.storyboard */; };
		11F749B2255EBE0E00E4CDE5 /* freeNowiOSCodeChallengeUITests.swift in Sources */ = {isa = PBXBuildFile; fileRef = 11F749B1255EBE0E00E4CDE5 /* freeNowiOSCodeChallengeUITests.swift */; };
		11F749C7255EC2F100E4CDE5 /* Cordinate.swift in Sources */ = {isa = PBXBuildFile; fileRef = 11F749C6255EC2F100E4CDE5 /* Cordinate.swift */; };
		11F749CF255EC34200E4CDE5 /* PoiList.swift in Sources */ = {isa = PBXBuildFile; fileRef = 11F749CE255EC34200E4CDE5 /* PoiList.swift */; };
		11F749D4255EC37700E4CDE5 /* PoiListResponse.swift in Sources */ = {isa = PBXBuildFile; fileRef = 11F749D3255EC37700E4CDE5 /* PoiListResponse.swift */; };
		11F749E7255EDAE400E4CDE5 /* MapViewController.swift in Sources */ = {isa = PBXBuildFile; fileRef = 11F749E6255EDAE400E4CDE5 /* MapViewController.swift */; };
		11F749F9255EDB6F00E4CDE5 /* Map.storyboard in Resources */ = {isa = PBXBuildFile; fileRef = 11F749F7255EDB6F00E4CDE5 /* Map.storyboard */; };
		11F749FE255EE15A00E4CDE5 /* PoiTableViewCell.swift in Sources */ = {isa = PBXBuildFile; fileRef = 11F749FD255EE15A00E4CDE5 /* PoiTableViewCell.swift */; };
		11F74A03255EE22C00E4CDE5 /* RoundedButton.swift in Sources */ = {isa = PBXBuildFile; fileRef = 11F74A02255EE22C00E4CDE5 /* RoundedButton.swift */; };
		11F74A08255EE38100E4CDE5 /* CarImageView.swift in Sources */ = {isa = PBXBuildFile; fileRef = 11F74A07255EE38100E4CDE5 /* CarImageView.swift */; };
		11F74A13255F09C100E4CDE5 /* PoiListViewController.swift in Sources */ = {isa = PBXBuildFile; fileRef = 11F74A12255F09C100E4CDE5 /* PoiListViewController.swift */; };
		11F74A19255F09FC00E4CDE5 /* PoiListViewControllerTest.swift in Sources */ = {isa = PBXBuildFile; fileRef = 11F74A18255F09FC00E4CDE5 /* PoiListViewControllerTest.swift */; };
		11F74A2725601BCB00E4CDE5 /* testHelper.swift in Sources */ = {isa = PBXBuildFile; fileRef = 11F74A2625601BCB00E4CDE5 /* testHelper.swift */; };
		11F74AFA25620BF400E4CDE5 /* PoiListViewModel.swift in Sources */ = {isa = PBXBuildFile; fileRef = 11F74AF925620BF300E4CDE5 /* PoiListViewModel.swift */; };
		11F74B0225620F8500E4CDE5 /* PoiTableViewCellViewModel.swift in Sources */ = {isa = PBXBuildFile; fileRef = 11F74B0125620F8500E4CDE5 /* PoiTableViewCellViewModel.swift */; };
		11F74B072562AE3500E4CDE5 /* Colors.xcassets in Resources */ = {isa = PBXBuildFile; fileRef = 11F74B062562AE3500E4CDE5 /* Colors.xcassets */; };
		11F74B0D2562BBAD00E4CDE5 /* PoiListService.swift in Sources */ = {isa = PBXBuildFile; fileRef = 11F74B0C2562BBAD00E4CDE5 /* PoiListService.swift */; };
		11F74B152562BD0500E4CDE5 /* NetWorkLoader.swift in Sources */ = {isa = PBXBuildFile; fileRef = 11F74B142562BD0500E4CDE5 /* NetWorkLoader.swift */; };
		11F74B1C2562BF2800E4CDE5 /* Endpoint.swift in Sources */ = {isa = PBXBuildFile; fileRef = 11F74B1B2562BF2800E4CDE5 /* Endpoint.swift */; };
		11F74B212562D88300E4CDE5 /* TestPoiListservice.swift in Sources */ = {isa = PBXBuildFile; fileRef = 11F74B202562D88300E4CDE5 /* TestPoiListservice.swift */; };
		11F74B262562D8A200E4CDE5 /* MockPolistService.swift in Sources */ = {isa = PBXBuildFile; fileRef = 11F74B252562D8A200E4CDE5 /* MockPolistService.swift */; };
		3B07677D0CE66966A7F6F297 /* Pods_freeNowiOSCodeChallengeTests.framework in Frameworks */ = {isa = PBXBuildFile; fileRef = 9D1AAAD3213BF113CD9DE112 /* Pods_freeNowiOSCodeChallengeTests.framework */; };
		51E155BDEDB45D72AB482DBB /* Pods_freeNowiOSCodeChallenge_freeNowiOSCodeChallengeUITests.framework in Frameworks */ = {isa = PBXBuildFile; fileRef = 0810B9F902D94123C7B4FBA5 /* Pods_freeNowiOSCodeChallenge_freeNowiOSCodeChallengeUITests.framework */; };
/* End PBXBuildFile section */

/* Begin PBXContainerItemProxy section */
		11F749A3255EBE0E00E4CDE5 /* PBXContainerItemProxy */ = {
			isa = PBXContainerItemProxy;
			containerPortal = 11F74984255EBDFC00E4CDE5 /* Project object */;
			proxyType = 1;
			remoteGlobalIDString = 11F7498B255EBDFC00E4CDE5;
			remoteInfo = freeNowiOSCodeChallenge;
		};
		11F749AE255EBE0E00E4CDE5 /* PBXContainerItemProxy */ = {
			isa = PBXContainerItemProxy;
			containerPortal = 11F74984255EBDFC00E4CDE5 /* Project object */;
			proxyType = 1;
			remoteGlobalIDString = 11F7498B255EBDFC00E4CDE5;
			remoteInfo = freeNowiOSCodeChallenge;
		};
/* End PBXContainerItemProxy section */

/* Begin PBXFileReference section */
		0810B9F902D94123C7B4FBA5 /* Pods_freeNowiOSCodeChallenge_freeNowiOSCodeChallengeUITests.framework */ = {isa = PBXFileReference; explicitFileType = wrapper.framework; includeInIndex = 0; path = Pods_freeNowiOSCodeChallenge_freeNowiOSCodeChallengeUITests.framework; sourceTree = BUILT_PRODUCTS_DIR; };
		113C1BD625642A480063017F /* MarkerViewModel.swift */ = {isa = PBXFileReference; lastKnownFileType = sourcecode.swift; path = MarkerViewModel.swift; sourceTree = "<group>"; };
		113C1BDB256437170063017F /* MapViewModelTest.swift */ = {isa = PBXFileReference; lastKnownFileType = sourcecode.swift; path = MapViewModelTest.swift; sourceTree = "<group>"; };
		113C1BEF25646E470063017F /* MarkerLabel.swift */ = {isa = PBXFileReference; lastKnownFileType = sourcecode.swift; path = MarkerLabel.swift; sourceTree = "<group>"; };
		113C1BF425646F700063017F /* PoiItem.swift */ = {isa = PBXFileReference; lastKnownFileType = sourcecode.swift; path = PoiItem.swift; sourceTree = "<group>"; };
		119C88A22562E2940088334B /* DIContainer.swift */ = {isa = PBXFileReference; lastKnownFileType = sourcecode.swift; path = DIContainer.swift; sourceTree = "<group>"; };
		119C88A7256312990088334B /* PoilistViewModelTest.swift */ = {isa = PBXFileReference; lastKnownFileType = sourcecode.swift; path = PoilistViewModelTest.swift; sourceTree = "<group>"; };
		119C88B025631AD00088334B /* DoubleExtensions.swift */ = {isa = PBXFileReference; lastKnownFileType = sourcecode.swift; path = DoubleExtensions.swift; sourceTree = "<group>"; };
		119C88B525631FE20088334B /* UITableViewExtension.swift */ = {isa = PBXFileReference; lastKnownFileType = sourcecode.swift; path = UITableViewExtension.swift; sourceTree = "<group>"; };
		119C88BA256325570088334B /* MapViewModel.swift */ = {isa = PBXFileReference; lastKnownFileType = sourcecode.swift; path = MapViewModel.swift; sourceTree = "<group>"; };
		11F7498C255EBDFC00E4CDE5 /* freeNowiOSCodeChallenge.app */ = {isa = PBXFileReference; explicitFileType = wrapper.application; includeInIndex = 0; path = freeNowiOSCodeChallenge.app; sourceTree = BUILT_PRODUCTS_DIR; };
		11F7498F255EBDFC00E4CDE5 /* AppDelegate.swift */ = {isa = PBXFileReference; lastKnownFileType = sourcecode.swift; path = AppDelegate.swift; sourceTree = "<group>"; };
		11F74991255EBDFC00E4CDE5 /* SceneDelegate.swift */ = {isa = PBXFileReference; lastKnownFileType = sourcecode.swift; path = SceneDelegate.swift; sourceTree = "<group>"; };
		11F74996255EBDFC00E4CDE5 /* Base */ = {isa = PBXFileReference; lastKnownFileType = file.storyboard; name = Base; path = Base.lproj/Main.storyboard; sourceTree = "<group>"; };
		11F74998255EBE0D00E4CDE5 /* Assets.xcassets */ = {isa = PBXFileReference; lastKnownFileType = folder.assetcatalog; path = Assets.xcassets; sourceTree = "<group>"; };
		11F7499B255EBE0D00E4CDE5 /* Base */ = {isa = PBXFileReference; lastKnownFileType = file.storyboard; name = Base; path = Base.lproj/LaunchScreen.storyboard; sourceTree = "<group>"; };
		11F7499D255EBE0D00E4CDE5 /* Info.plist */ = {isa = PBXFileReference; lastKnownFileType = text.plist.xml; path = Info.plist; sourceTree = "<group>"; };
		11F749A2255EBE0E00E4CDE5 /* freeNowiOSCodeChallengeTests.xctest */ = {isa = PBXFileReference; explicitFileType = wrapper.cfbundle; includeInIndex = 0; path = freeNowiOSCodeChallengeTests.xctest; sourceTree = BUILT_PRODUCTS_DIR; };
		11F749A8255EBE0E00E4CDE5 /* Info.plist */ = {isa = PBXFileReference; lastKnownFileType = text.plist.xml; path = Info.plist; sourceTree = "<group>"; };
		11F749AD255EBE0E00E4CDE5 /* freeNowiOSCodeChallengeUITests.xctest */ = {isa = PBXFileReference; explicitFileType = wrapper.cfbundle; includeInIndex = 0; path = freeNowiOSCodeChallengeUITests.xctest; sourceTree = BUILT_PRODUCTS_DIR; };
		11F749B1255EBE0E00E4CDE5 /* freeNowiOSCodeChallengeUITests.swift */ = {isa = PBXFileReference; lastKnownFileType = sourcecode.swift; path = freeNowiOSCodeChallengeUITests.swift; sourceTree = "<group>"; };
		11F749B3255EBE0E00E4CDE5 /* Info.plist */ = {isa = PBXFileReference; lastKnownFileType = text.plist.xml; path = Info.plist; sourceTree = "<group>"; };
		11F749C6255EC2F100E4CDE5 /* Cordinate.swift */ = {isa = PBXFileReference; lastKnownFileType = sourcecode.swift; path = Cordinate.swift; sourceTree = "<group>"; };
		11F749CE255EC34200E4CDE5 /* PoiList.swift */ = {isa = PBXFileReference; lastKnownFileType = sourcecode.swift; path = PoiList.swift; sourceTree = "<group>"; };
		11F749D3255EC37700E4CDE5 /* PoiListResponse.swift */ = {isa = PBXFileReference; lastKnownFileType = sourcecode.swift; path = PoiListResponse.swift; sourceTree = "<group>"; };
		11F749E6255EDAE400E4CDE5 /* MapViewController.swift */ = {isa = PBXFileReference; lastKnownFileType = sourcecode.swift; path = MapViewController.swift; sourceTree = "<group>"; };
		11F749F8255EDB6F00E4CDE5 /* Base */ = {isa = PBXFileReference; lastKnownFileType = file.storyboard; name = Base; path = Base.lproj/Map.storyboard; sourceTree = "<group>"; };
		11F749FD255EE15A00E4CDE5 /* PoiTableViewCell.swift */ = {isa = PBXFileReference; lastKnownFileType = sourcecode.swift; path = PoiTableViewCell.swift; sourceTree = "<group>"; };
		11F74A02255EE22C00E4CDE5 /* RoundedButton.swift */ = {isa = PBXFileReference; lastKnownFileType = sourcecode.swift; path = RoundedButton.swift; sourceTree = "<group>"; };
		11F74A07255EE38100E4CDE5 /* CarImageView.swift */ = {isa = PBXFileReference; lastKnownFileType = sourcecode.swift; path = CarImageView.swift; sourceTree = "<group>"; };
		11F74A12255F09C100E4CDE5 /* PoiListViewController.swift */ = {isa = PBXFileReference; lastKnownFileType = sourcecode.swift; path = PoiListViewController.swift; sourceTree = "<group>"; };
		11F74A17255F09FC00E4CDE5 /* freeNowiOSCodeChallengeTests-Bridging-Header.h */ = {isa = PBXFileReference; lastKnownFileType = sourcecode.c.h; path = "freeNowiOSCodeChallengeTests-Bridging-Header.h"; sourceTree = "<group>"; };
		11F74A18255F09FC00E4CDE5 /* PoiListViewControllerTest.swift */ = {isa = PBXFileReference; lastKnownFileType = sourcecode.swift; path = PoiListViewControllerTest.swift; sourceTree = "<group>"; };
		11F74A2625601BCB00E4CDE5 /* testHelper.swift */ = {isa = PBXFileReference; lastKnownFileType = sourcecode.swift; path = testHelper.swift; sourceTree = "<group>"; };
		11F74AF925620BF300E4CDE5 /* PoiListViewModel.swift */ = {isa = PBXFileReference; lastKnownFileType = sourcecode.swift; path = PoiListViewModel.swift; sourceTree = "<group>"; };
		11F74B0125620F8500E4CDE5 /* PoiTableViewCellViewModel.swift */ = {isa = PBXFileReference; lastKnownFileType = sourcecode.swift; path = PoiTableViewCellViewModel.swift; sourceTree = "<group>"; };
		11F74B062562AE3500E4CDE5 /* Colors.xcassets */ = {isa = PBXFileReference; lastKnownFileType = folder.assetcatalog; path = Colors.xcassets; sourceTree = "<group>"; };
		11F74B0C2562BBAD00E4CDE5 /* PoiListService.swift */ = {isa = PBXFileReference; lastKnownFileType = sourcecode.swift; path = PoiListService.swift; sourceTree = "<group>"; };
		11F74B142562BD0500E4CDE5 /* NetWorkLoader.swift */ = {isa = PBXFileReference; lastKnownFileType = sourcecode.swift; path = NetWorkLoader.swift; sourceTree = "<group>"; };
		11F74B1B2562BF2800E4CDE5 /* Endpoint.swift */ = {isa = PBXFileReference; lastKnownFileType = sourcecode.swift; path = Endpoint.swift; sourceTree = "<group>"; };
		11F74B202562D88300E4CDE5 /* TestPoiListservice.swift */ = {isa = PBXFileReference; lastKnownFileType = sourcecode.swift; path = TestPoiListservice.swift; sourceTree = "<group>"; };
		11F74B252562D8A200E4CDE5 /* MockPolistService.swift */ = {isa = PBXFileReference; lastKnownFileType = sourcecode.swift; path = MockPolistService.swift; sourceTree = "<group>"; };
		411ED13789518C5803569AA2 /* Pods-freeNowiOSCodeChallenge.debug.xcconfig */ = {isa = PBXFileReference; includeInIndex = 1; lastKnownFileType = text.xcconfig; name = "Pods-freeNowiOSCodeChallenge.debug.xcconfig"; path = "Target Support Files/Pods-freeNowiOSCodeChallenge/Pods-freeNowiOSCodeChallenge.debug.xcconfig"; sourceTree = "<group>"; };
		9D1AAAD3213BF113CD9DE112 /* Pods_freeNowiOSCodeChallengeTests.framework */ = {isa = PBXFileReference; explicitFileType = wrapper.framework; includeInIndex = 0; path = Pods_freeNowiOSCodeChallengeTests.framework; sourceTree = BUILT_PRODUCTS_DIR; };
		BB5B51A63F52B51B507983A7 /* Pods-freeNowiOSCodeChallenge.release.xcconfig */ = {isa = PBXFileReference; includeInIndex = 1; lastKnownFileType = text.xcconfig; name = "Pods-freeNowiOSCodeChallenge.release.xcconfig"; path = "Target Support Files/Pods-freeNowiOSCodeChallenge/Pods-freeNowiOSCodeChallenge.release.xcconfig"; sourceTree = "<group>"; };
		D3E3C1DB4ABB00B9D811A4F3 /* Pods-freeNowiOSCodeChallenge-freeNowiOSCodeChallengeUITests.debug.xcconfig */ = {isa = PBXFileReference; includeInIndex = 1; lastKnownFileType = text.xcconfig; name = "Pods-freeNowiOSCodeChallenge-freeNowiOSCodeChallengeUITests.debug.xcconfig"; path = "Target Support Files/Pods-freeNowiOSCodeChallenge-freeNowiOSCodeChallengeUITests/Pods-freeNowiOSCodeChallenge-freeNowiOSCodeChallengeUITests.debug.xcconfig"; sourceTree = "<group>"; };
		D73DC6CFE6963099C07DF00C /* Pods-freeNowiOSCodeChallengeTests.release.xcconfig */ = {isa = PBXFileReference; includeInIndex = 1; lastKnownFileType = text.xcconfig; name = "Pods-freeNowiOSCodeChallengeTests.release.xcconfig"; path = "Target Support Files/Pods-freeNowiOSCodeChallengeTests/Pods-freeNowiOSCodeChallengeTests.release.xcconfig"; sourceTree = "<group>"; };
		D9FD848BF266CD2023B7D127 /* Pods-freeNowiOSCodeChallenge-freeNowiOSCodeChallengeUITests.release.xcconfig */ = {isa = PBXFileReference; includeInIndex = 1; lastKnownFileType = text.xcconfig; name = "Pods-freeNowiOSCodeChallenge-freeNowiOSCodeChallengeUITests.release.xcconfig"; path = "Target Support Files/Pods-freeNowiOSCodeChallenge-freeNowiOSCodeChallengeUITests/Pods-freeNowiOSCodeChallenge-freeNowiOSCodeChallengeUITests.release.xcconfig"; sourceTree = "<group>"; };
		DC0D941DC9611CC44424830D /* Pods-freeNowiOSCodeChallengeTests.debug.xcconfig */ = {isa = PBXFileReference; includeInIndex = 1; lastKnownFileType = text.xcconfig; name = "Pods-freeNowiOSCodeChallengeTests.debug.xcconfig"; path = "Target Support Files/Pods-freeNowiOSCodeChallengeTests/Pods-freeNowiOSCodeChallengeTests.debug.xcconfig"; sourceTree = "<group>"; };
		EF42B426CA7588BFE842AB8E /* Pods_freeNowiOSCodeChallenge.framework */ = {isa = PBXFileReference; explicitFileType = wrapper.framework; includeInIndex = 0; path = Pods_freeNowiOSCodeChallenge.framework; sourceTree = BUILT_PRODUCTS_DIR; };
/* End PBXFileReference section */

/* Begin PBXFrameworksBuildPhase section */
		11F74989255EBDFC00E4CDE5 /* Frameworks */ = {
			isa = PBXFrameworksBuildPhase;
			buildActionMask = 2147483647;
			files = (
				0799A6E222A31D61F370EA9A /* Pods_freeNowiOSCodeChallenge.framework in Frameworks */,
				113C1BD2256425FC0063017F /* ActivityIndicator in Frameworks */,
			);
			runOnlyForDeploymentPostprocessing = 0;
		};
		11F7499F255EBE0E00E4CDE5 /* Frameworks */ = {
			isa = PBXFrameworksBuildPhase;
			buildActionMask = 2147483647;
			files = (
				3B07677D0CE66966A7F6F297 /* Pods_freeNowiOSCodeChallengeTests.framework in Frameworks */,
			);
			runOnlyForDeploymentPostprocessing = 0;
		};
		11F749AA255EBE0E00E4CDE5 /* Frameworks */ = {
			isa = PBXFrameworksBuildPhase;
			buildActionMask = 2147483647;
			files = (
				51E155BDEDB45D72AB482DBB /* Pods_freeNowiOSCodeChallenge_freeNowiOSCodeChallengeUITests.framework in Frameworks */,
			);
			runOnlyForDeploymentPostprocessing = 0;
		};
/* End PBXFrameworksBuildPhase section */

/* Begin PBXGroup section */
		119C88AF25631AA80088334B /* Extensions */ = {
			isa = PBXGroup;
			children = (
				119C88B025631AD00088334B /* DoubleExtensions.swift */,
				119C88B525631FE20088334B /* UITableViewExtension.swift */,
			);
			path = Extensions;
			sourceTree = "<group>";
		};
		11F74983255EBDFC00E4CDE5 = {
			isa = PBXGroup;
			children = (
				11F7498E255EBDFC00E4CDE5 /* freeNowiOSCodeChallenge */,
				11F749A5255EBE0E00E4CDE5 /* freeNowiOSCodeChallengeTests */,
				11F749B0255EBE0E00E4CDE5 /* freeNowiOSCodeChallengeUITests */,
				11F7498D255EBDFC00E4CDE5 /* Products */,
				DA8749A0C5B53608B5771053 /* Pods */,
				46235D8FDF464426D4C0EC3A /* Frameworks */,
			);
			sourceTree = "<group>";
		};
		11F7498D255EBDFC00E4CDE5 /* Products */ = {
			isa = PBXGroup;
			children = (
				11F7498C255EBDFC00E4CDE5 /* freeNowiOSCodeChallenge.app */,
				11F749A2255EBE0E00E4CDE5 /* freeNowiOSCodeChallengeTests.xctest */,
				11F749AD255EBE0E00E4CDE5 /* freeNowiOSCodeChallengeUITests.xctest */,
			);
			name = Products;
			sourceTree = "<group>";
		};
		11F7498E255EBDFC00E4CDE5 /* freeNowiOSCodeChallenge */ = {
			isa = PBXGroup;
			children = (
				119C88AF25631AA80088334B /* Extensions */,
				11F74B0B2562B08200E4CDE5 /* Network */,
				11F74AF825620BBA00E4CDE5 /* ViewModel */,
				11F749D8255ECDB900E4CDE5 /* View */,
				11F749C5255EC2C000E4CDE5 /* Model */,
				11F7498F255EBDFC00E4CDE5 /* AppDelegate.swift */,
				11F74991255EBDFC00E4CDE5 /* SceneDelegate.swift */,
				11F74998255EBE0D00E4CDE5 /* Assets.xcassets */,
				11F7499A255EBE0D00E4CDE5 /* LaunchScreen.storyboard */,
				11F7499D255EBE0D00E4CDE5 /* Info.plist */,
				11F74B062562AE3500E4CDE5 /* Colors.xcassets */,
				119C88A22562E2940088334B /* DIContainer.swift */,
			);
			path = freeNowiOSCodeChallenge;
			sourceTree = "<group>";
		};
		11F749A5255EBE0E00E4CDE5 /* freeNowiOSCodeChallengeTests */ = {
			isa = PBXGroup;
			children = (
				11F749A8255EBE0E00E4CDE5 /* Info.plist */,
				11F74A18255F09FC00E4CDE5 /* PoiListViewControllerTest.swift */,
				11F74A17255F09FC00E4CDE5 /* freeNowiOSCodeChallengeTests-Bridging-Header.h */,
				11F74A2625601BCB00E4CDE5 /* testHelper.swift */,
				11F74B202562D88300E4CDE5 /* TestPoiListservice.swift */,
				11F74B252562D8A200E4CDE5 /* MockPolistService.swift */,
				119C88A7256312990088334B /* PoilistViewModelTest.swift */,
				113C1BDB256437170063017F /* MapViewModelTest.swift */,
			);
			path = freeNowiOSCodeChallengeTests;
			sourceTree = "<group>";
		};
		11F749B0255EBE0E00E4CDE5 /* freeNowiOSCodeChallengeUITests */ = {
			isa = PBXGroup;
			children = (
				11F749B1255EBE0E00E4CDE5 /* freeNowiOSCodeChallengeUITests.swift */,
				11F749B3255EBE0E00E4CDE5 /* Info.plist */,
			);
			path = freeNowiOSCodeChallengeUITests;
			sourceTree = "<group>";
		};
		11F749C5255EC2C000E4CDE5 /* Model */ = {
			isa = PBXGroup;
			children = (
				11F749C6255EC2F100E4CDE5 /* Cordinate.swift */,
				11F749CE255EC34200E4CDE5 /* PoiList.swift */,
				11F749D3255EC37700E4CDE5 /* PoiListResponse.swift */,
				113C1BF425646F700063017F /* PoiItem.swift */,
			);
			path = Model;
			sourceTree = "<group>";
		};
		11F749D8255ECDB900E4CDE5 /* View */ = {
			isa = PBXGroup;
			children = (
				11F749F7255EDB6F00E4CDE5 /* Map.storyboard */,
				11F74995255EBDFC00E4CDE5 /* Main.storyboard */,
				11F749E6255EDAE400E4CDE5 /* MapViewController.swift */,
				11F749FD255EE15A00E4CDE5 /* PoiTableViewCell.swift */,
				11F74A02255EE22C00E4CDE5 /* RoundedButton.swift */,
				11F74A07255EE38100E4CDE5 /* CarImageView.swift */,
				11F74A12255F09C100E4CDE5 /* PoiListViewController.swift */,
				113C1BEF25646E470063017F /* MarkerLabel.swift */,
			);
			path = View;
			sourceTree = "<group>";
		};
		11F74AF825620BBA00E4CDE5 /* ViewModel */ = {
			isa = PBXGroup;
			children = (
				11F74AF925620BF300E4CDE5 /* PoiListViewModel.swift */,
				11F74B0125620F8500E4CDE5 /* PoiTableViewCellViewModel.swift */,
				119C88BA256325570088334B /* MapViewModel.swift */,
				113C1BD625642A480063017F /* MarkerViewModel.swift */,
			);
			path = ViewModel;
			sourceTree = "<group>";
		};
		11F74B0B2562B08200E4CDE5 /* Network */ = {
			isa = PBXGroup;
			children = (
				11F74B0C2562BBAD00E4CDE5 /* PoiListService.swift */,
				11F74B142562BD0500E4CDE5 /* NetWorkLoader.swift */,
				11F74B1B2562BF2800E4CDE5 /* Endpoint.swift */,
			);
			path = Network;
			sourceTree = "<group>";
		};
		46235D8FDF464426D4C0EC3A /* Frameworks */ = {
			isa = PBXGroup;
			children = (
				EF42B426CA7588BFE842AB8E /* Pods_freeNowiOSCodeChallenge.framework */,
				0810B9F902D94123C7B4FBA5 /* Pods_freeNowiOSCodeChallenge_freeNowiOSCodeChallengeUITests.framework */,
				9D1AAAD3213BF113CD9DE112 /* Pods_freeNowiOSCodeChallengeTests.framework */,
			);
			name = Frameworks;
			sourceTree = "<group>";
		};
		DA8749A0C5B53608B5771053 /* Pods */ = {
			isa = PBXGroup;
			children = (
				411ED13789518C5803569AA2 /* Pods-freeNowiOSCodeChallenge.debug.xcconfig */,
				BB5B51A63F52B51B507983A7 /* Pods-freeNowiOSCodeChallenge.release.xcconfig */,
				D3E3C1DB4ABB00B9D811A4F3 /* Pods-freeNowiOSCodeChallenge-freeNowiOSCodeChallengeUITests.debug.xcconfig */,
				D9FD848BF266CD2023B7D127 /* Pods-freeNowiOSCodeChallenge-freeNowiOSCodeChallengeUITests.release.xcconfig */,
				DC0D941DC9611CC44424830D /* Pods-freeNowiOSCodeChallengeTests.debug.xcconfig */,
				D73DC6CFE6963099C07DF00C /* Pods-freeNowiOSCodeChallengeTests.release.xcconfig */,
			);
			path = Pods;
			sourceTree = "<group>";
		};
/* End PBXGroup section */

/* Begin PBXNativeTarget section */
		11F7498B255EBDFC00E4CDE5 /* freeNowiOSCodeChallenge */ = {
			isa = PBXNativeTarget;
			buildConfigurationList = 11F749B6255EBE0E00E4CDE5 /* Build configuration list for PBXNativeTarget "freeNowiOSCodeChallenge" */;
			buildPhases = (
				36CB32148167B43B8B43FC4A /* [CP] Check Pods Manifest.lock */,
				11F74988255EBDFC00E4CDE5 /* Sources */,
				11F74989255EBDFC00E4CDE5 /* Frameworks */,
				11F7498A255EBDFC00E4CDE5 /* Resources */,
				5AA2E2DCF0EF4C319EA20C34 /* [CP] Copy Pods Resources */,
			);
			buildRules = (
			);
			dependencies = (
			);
			name = freeNowiOSCodeChallenge;
			packageProductDependencies = (
				113C1BD1256425FC0063017F /* ActivityIndicator */,
			);
			productName = freeNowiOSCodeChallenge;
			productReference = 11F7498C255EBDFC00E4CDE5 /* freeNowiOSCodeChallenge.app */;
			productType = "com.apple.product-type.application";
		};
		11F749A1255EBE0E00E4CDE5 /* freeNowiOSCodeChallengeTests */ = {
			isa = PBXNativeTarget;
			buildConfigurationList = 11F749B9255EBE0E00E4CDE5 /* Build configuration list for PBXNativeTarget "freeNowiOSCodeChallengeTests" */;
			buildPhases = (
				157A55C5D2E21647E638B130 /* [CP] Check Pods Manifest.lock */,
				11F7499E255EBE0E00E4CDE5 /* Sources */,
				11F7499F255EBE0E00E4CDE5 /* Frameworks */,
				11F749A0255EBE0E00E4CDE5 /* Resources */,
			);
			buildRules = (
			);
			dependencies = (
				11F749A4255EBE0E00E4CDE5 /* PBXTargetDependency */,
			);
			name = freeNowiOSCodeChallengeTests;
			productName = freeNowiOSCodeChallengeTests;
			productReference = 11F749A2255EBE0E00E4CDE5 /* freeNowiOSCodeChallengeTests.xctest */;
			productType = "com.apple.product-type.bundle.unit-test";
		};
		11F749AC255EBE0E00E4CDE5 /* freeNowiOSCodeChallengeUITests */ = {
			isa = PBXNativeTarget;
			buildConfigurationList = 11F749BC255EBE0E00E4CDE5 /* Build configuration list for PBXNativeTarget "freeNowiOSCodeChallengeUITests" */;
			buildPhases = (
				9C970449AF6629831A8AE480 /* [CP] Check Pods Manifest.lock */,
				11F749A9255EBE0E00E4CDE5 /* Sources */,
				11F749AA255EBE0E00E4CDE5 /* Frameworks */,
				11F749AB255EBE0E00E4CDE5 /* Resources */,
				C046EDBEAEF7B71804B0B203 /* [CP] Copy Pods Resources */,
			);
			buildRules = (
			);
			dependencies = (
				11F749AF255EBE0E00E4CDE5 /* PBXTargetDependency */,
			);
			name = freeNowiOSCodeChallengeUITests;
			productName = freeNowiOSCodeChallengeUITests;
			productReference = 11F749AD255EBE0E00E4CDE5 /* freeNowiOSCodeChallengeUITests.xctest */;
			productType = "com.apple.product-type.bundle.ui-testing";
		};
/* End PBXNativeTarget section */

/* Begin PBXProject section */
		11F74984255EBDFC00E4CDE5 /* Project object */ = {
			isa = PBXProject;
			attributes = {
				LastSwiftUpdateCheck = 1210;
				LastUpgradeCheck = 1210;
				TargetAttributes = {
					11F7498B255EBDFC00E4CDE5 = {
						CreatedOnToolsVersion = 12.1;
					};
					11F749A1255EBE0E00E4CDE5 = {
						CreatedOnToolsVersion = 12.1;
						LastSwiftMigration = 1210;
						TestTargetID = 11F7498B255EBDFC00E4CDE5;
					};
					11F749AC255EBE0E00E4CDE5 = {
						CreatedOnToolsVersion = 12.1;
						TestTargetID = 11F7498B255EBDFC00E4CDE5;
					};
				};
			};
			buildConfigurationList = 11F74987255EBDFC00E4CDE5 /* Build configuration list for PBXProject "freeNowiOSCodeChallenge" */;
			compatibilityVersion = "Xcode 9.3";
			developmentRegion = en;
			hasScannedForEncodings = 0;
			knownRegions = (
				en,
				Base,
			);
			mainGroup = 11F74983255EBDFC00E4CDE5;
			packageReferences = (
				113C1BD0256425FC0063017F /* XCRemoteSwiftPackageReference "ActivityIndicator" */,
			);
			productRefGroup = 11F7498D255EBDFC00E4CDE5 /* Products */;
			projectDirPath = "";
			projectRoot = "";
			targets = (
				11F7498B255EBDFC00E4CDE5 /* freeNowiOSCodeChallenge */,
				11F749A1255EBE0E00E4CDE5 /* freeNowiOSCodeChallengeTests */,
				11F749AC255EBE0E00E4CDE5 /* freeNowiOSCodeChallengeUITests */,
			);
		};
/* End PBXProject section */

/* Begin PBXResourcesBuildPhase section */
		11F7498A255EBDFC00E4CDE5 /* Resources */ = {
			isa = PBXResourcesBuildPhase;
			buildActionMask = 2147483647;
			files = (
				11F74B072562AE3500E4CDE5 /* Colors.xcassets in Resources */,
				11F7499C255EBE0D00E4CDE5 /* LaunchScreen.storyboard in Resources */,
				11F74999255EBE0D00E4CDE5 /* Assets.xcassets in Resources */,
				11F74997255EBDFC00E4CDE5 /* Main.storyboard in Resources */,
				11F749F9255EDB6F00E4CDE5 /* Map.storyboard in Resources */,
			);
			runOnlyForDeploymentPostprocessing = 0;
		};
		11F749A0255EBE0E00E4CDE5 /* Resources */ = {
			isa = PBXResourcesBuildPhase;
			buildActionMask = 2147483647;
			files = (
			);
			runOnlyForDeploymentPostprocessing = 0;
		};
		11F749AB255EBE0E00E4CDE5 /* Resources */ = {
			isa = PBXResourcesBuildPhase;
			buildActionMask = 2147483647;
			files = (
			);
			runOnlyForDeploymentPostprocessing = 0;
		};
/* End PBXResourcesBuildPhase section */

/* Begin PBXShellScriptBuildPhase section */
		157A55C5D2E21647E638B130 /* [CP] Check Pods Manifest.lock */ = {
			isa = PBXShellScriptBuildPhase;
			buildActionMask = 2147483647;
			files = (
			);
			inputFileListPaths = (
			);
			inputPaths = (
				"${PODS_PODFILE_DIR_PATH}/Podfile.lock",
				"${PODS_ROOT}/Manifest.lock",
			);
			name = "[CP] Check Pods Manifest.lock";
			outputFileListPaths = (
			);
			outputPaths = (
				"$(DERIVED_FILE_DIR)/Pods-freeNowiOSCodeChallengeTests-checkManifestLockResult.txt",
			);
			runOnlyForDeploymentPostprocessing = 0;
			shellPath = /bin/sh;
			shellScript = "diff \"${PODS_PODFILE_DIR_PATH}/Podfile.lock\" \"${PODS_ROOT}/Manifest.lock\" > /dev/null\nif [ $? != 0 ] ; then\n    # print error to STDERR\n    echo \"error: The sandbox is not in sync with the Podfile.lock. Run 'pod install' or update your CocoaPods installation.\" >&2\n    exit 1\nfi\n# This output is used by Xcode 'outputs' to avoid re-running this script phase.\necho \"SUCCESS\" > \"${SCRIPT_OUTPUT_FILE_0}\"\n";
			showEnvVarsInLog = 0;
		};
		36CB32148167B43B8B43FC4A /* [CP] Check Pods Manifest.lock */ = {
			isa = PBXShellScriptBuildPhase;
			buildActionMask = 2147483647;
			files = (
			);
			inputFileListPaths = (
			);
			inputPaths = (
				"${PODS_PODFILE_DIR_PATH}/Podfile.lock",
				"${PODS_ROOT}/Manifest.lock",
			);
			name = "[CP] Check Pods Manifest.lock";
			outputFileListPaths = (
			);
			outputPaths = (
				"$(DERIVED_FILE_DIR)/Pods-freeNowiOSCodeChallenge-checkManifestLockResult.txt",
			);
			runOnlyForDeploymentPostprocessing = 0;
			shellPath = /bin/sh;
			shellScript = "diff \"${PODS_PODFILE_DIR_PATH}/Podfile.lock\" \"${PODS_ROOT}/Manifest.lock\" > /dev/null\nif [ $? != 0 ] ; then\n    # print error to STDERR\n    echo \"error: The sandbox is not in sync with the Podfile.lock. Run 'pod install' or update your CocoaPods installation.\" >&2\n    exit 1\nfi\n# This output is used by Xcode 'outputs' to avoid re-running this script phase.\necho \"SUCCESS\" > \"${SCRIPT_OUTPUT_FILE_0}\"\n";
			showEnvVarsInLog = 0;
		};
		5AA2E2DCF0EF4C319EA20C34 /* [CP] Copy Pods Resources */ = {
			isa = PBXShellScriptBuildPhase;
			buildActionMask = 2147483647;
			files = (
			);
			inputFileListPaths = (
				"${PODS_ROOT}/Target Support Files/Pods-freeNowiOSCodeChallenge/Pods-freeNowiOSCodeChallenge-resources-${CONFIGURATION}-input-files.xcfilelist",
			);
			name = "[CP] Copy Pods Resources";
			outputFileListPaths = (
				"${PODS_ROOT}/Target Support Files/Pods-freeNowiOSCodeChallenge/Pods-freeNowiOSCodeChallenge-resources-${CONFIGURATION}-output-files.xcfilelist",
			);
			runOnlyForDeploymentPostprocessing = 0;
			shellPath = /bin/sh;
			shellScript = "\"${PODS_ROOT}/Target Support Files/Pods-freeNowiOSCodeChallenge/Pods-freeNowiOSCodeChallenge-resources.sh\"\n";
			showEnvVarsInLog = 0;
		};
		9C970449AF6629831A8AE480 /* [CP] Check Pods Manifest.lock */ = {
			isa = PBXShellScriptBuildPhase;
			buildActionMask = 2147483647;
			files = (
			);
			inputFileListPaths = (
			);
			inputPaths = (
				"${PODS_PODFILE_DIR_PATH}/Podfile.lock",
				"${PODS_ROOT}/Manifest.lock",
			);
			name = "[CP] Check Pods Manifest.lock";
			outputFileListPaths = (
			);
			outputPaths = (
				"$(DERIVED_FILE_DIR)/Pods-freeNowiOSCodeChallenge-freeNowiOSCodeChallengeUITests-checkManifestLockResult.txt",
			);
			runOnlyForDeploymentPostprocessing = 0;
			shellPath = /bin/sh;
			shellScript = "diff \"${PODS_PODFILE_DIR_PATH}/Podfile.lock\" \"${PODS_ROOT}/Manifest.lock\" > /dev/null\nif [ $? != 0 ] ; then\n    # print error to STDERR\n    echo \"error: The sandbox is not in sync with the Podfile.lock. Run 'pod install' or update your CocoaPods installation.\" >&2\n    exit 1\nfi\n# This output is used by Xcode 'outputs' to avoid re-running this script phase.\necho \"SUCCESS\" > \"${SCRIPT_OUTPUT_FILE_0}\"\n";
			showEnvVarsInLog = 0;
		};
		C046EDBEAEF7B71804B0B203 /* [CP] Copy Pods Resources */ = {
			isa = PBXShellScriptBuildPhase;
			buildActionMask = 2147483647;
			files = (
			);
			inputFileListPaths = (
				"${PODS_ROOT}/Target Support Files/Pods-freeNowiOSCodeChallenge-freeNowiOSCodeChallengeUITests/Pods-freeNowiOSCodeChallenge-freeNowiOSCodeChallengeUITests-resources-${CONFIGURATION}-input-files.xcfilelist",
			);
			name = "[CP] Copy Pods Resources";
			outputFileListPaths = (
				"${PODS_ROOT}/Target Support Files/Pods-freeNowiOSCodeChallenge-freeNowiOSCodeChallengeUITests/Pods-freeNowiOSCodeChallenge-freeNowiOSCodeChallengeUITests-resources-${CONFIGURATION}-output-files.xcfilelist",
			);
			runOnlyForDeploymentPostprocessing = 0;
			shellPath = /bin/sh;
			shellScript = "\"${PODS_ROOT}/Target Support Files/Pods-freeNowiOSCodeChallenge-freeNowiOSCodeChallengeUITests/Pods-freeNowiOSCodeChallenge-freeNowiOSCodeChallengeUITests-resources.sh\"\n";
			showEnvVarsInLog = 0;
		};
/* End PBXShellScriptBuildPhase section */

/* Begin PBXSourcesBuildPhase section */
		11F74988255EBDFC00E4CDE5 /* Sources */ = {
			isa = PBXSourcesBuildPhase;
			buildActionMask = 2147483647;
			files = (
				11F749CF255EC34200E4CDE5 /* PoiList.swift in Sources */,
				11F74B0225620F8500E4CDE5 /* PoiTableViewCellViewModel.swift in Sources */,
				11F74990255EBDFC00E4CDE5 /* AppDelegate.swift in Sources */,
				11F74A08255EE38100E4CDE5 /* CarImageView.swift in Sources */,
				113C1BF025646E470063017F /* MarkerLabel.swift in Sources */,
				11F74B1C2562BF2800E4CDE5 /* Endpoint.swift in Sources */,
				11F74992255EBDFC00E4CDE5 /* SceneDelegate.swift in Sources */,
				11F74AFA25620BF400E4CDE5 /* PoiListViewModel.swift in Sources */,
				11F74A03255EE22C00E4CDE5 /* RoundedButton.swift in Sources */,
				113C1BF525646F700063017F /* PoiItem.swift in Sources */,
				11F74B152562BD0500E4CDE5 /* NetWorkLoader.swift in Sources */,
				11F749FE255EE15A00E4CDE5 /* PoiTableViewCell.swift in Sources */,
				11F749C7255EC2F100E4CDE5 /* Cordinate.swift in Sources */,
				119C88BB256325570088334B /* MapViewModel.swift in Sources */,
				11F74B0D2562BBAD00E4CDE5 /* PoiListService.swift in Sources */,
				119C88B125631AD00088334B /* DoubleExtensions.swift in Sources */,
				119C88A32562E2940088334B /* DIContainer.swift in Sources */,
				11F74A13255F09C100E4CDE5 /* PoiListViewController.swift in Sources */,
				119C88B625631FE20088334B /* UITableViewExtension.swift in Sources */,
				11F749D4255EC37700E4CDE5 /* PoiListResponse.swift in Sources */,
				113C1BD725642A480063017F /* MarkerViewModel.swift in Sources */,
				11F749E7255EDAE400E4CDE5 /* MapViewController.swift in Sources */,
			);
			runOnlyForDeploymentPostprocessing = 0;
		};
		11F7499E255EBE0E00E4CDE5 /* Sources */ = {
			isa = PBXSourcesBuildPhase;
			buildActionMask = 2147483647;
			files = (
				11F74B262562D8A200E4CDE5 /* MockPolistService.swift in Sources */,
				113C1BDC256437170063017F /* MapViewModelTest.swift in Sources */,
				11F74A19255F09FC00E4CDE5 /* PoiListViewControllerTest.swift in Sources */,
				11F74B212562D88300E4CDE5 /* TestPoiListservice.swift in Sources */,
				11F74A2725601BCB00E4CDE5 /* testHelper.swift in Sources */,
				119C88A8256312990088334B /* PoilistViewModelTest.swift in Sources */,
			);
			runOnlyForDeploymentPostprocessing = 0;
		};
		11F749A9255EBE0E00E4CDE5 /* Sources */ = {
			isa = PBXSourcesBuildPhase;
			buildActionMask = 2147483647;
			files = (
				11F749B2255EBE0E00E4CDE5 /* freeNowiOSCodeChallengeUITests.swift in Sources */,
			);
			runOnlyForDeploymentPostprocessing = 0;
		};
/* End PBXSourcesBuildPhase section */

/* Begin PBXTargetDependency section */
		11F749A4255EBE0E00E4CDE5 /* PBXTargetDependency */ = {
			isa = PBXTargetDependency;
			target = 11F7498B255EBDFC00E4CDE5 /* freeNowiOSCodeChallenge */;
			targetProxy = 11F749A3255EBE0E00E4CDE5 /* PBXContainerItemProxy */;
		};
		11F749AF255EBE0E00E4CDE5 /* PBXTargetDependency */ = {
			isa = PBXTargetDependency;
			target = 11F7498B255EBDFC00E4CDE5 /* freeNowiOSCodeChallenge */;
			targetProxy = 11F749AE255EBE0E00E4CDE5 /* PBXContainerItemProxy */;
		};
/* End PBXTargetDependency section */

/* Begin PBXVariantGroup section */
		11F74995255EBDFC00E4CDE5 /* Main.storyboard */ = {
			isa = PBXVariantGroup;
			children = (
				11F74996255EBDFC00E4CDE5 /* Base */,
			);
			name = Main.storyboard;
			sourceTree = "<group>";
		};
		11F7499A255EBE0D00E4CDE5 /* LaunchScreen.storyboard */ = {
			isa = PBXVariantGroup;
			children = (
				11F7499B255EBE0D00E4CDE5 /* Base */,
			);
			name = LaunchScreen.storyboard;
			sourceTree = "<group>";
		};
		11F749F7255EDB6F00E4CDE5 /* Map.storyboard */ = {
			isa = PBXVariantGroup;
			children = (
				11F749F8255EDB6F00E4CDE5 /* Base */,
			);
			name = Map.storyboard;
			sourceTree = "<group>";
		};
/* End PBXVariantGroup section */

/* Begin XCBuildConfiguration section */
		11F749B4255EBE0E00E4CDE5 /* Debug */ = {
			isa = XCBuildConfiguration;
			buildSettings = {
				ALWAYS_SEARCH_USER_PATHS = NO;
				CLANG_ANALYZER_NONNULL = YES;
				CLANG_ANALYZER_NUMBER_OBJECT_CONVERSION = YES_AGGRESSIVE;
				CLANG_CXX_LANGUAGE_STANDARD = "gnu++14";
				CLANG_CXX_LIBRARY = "libc++";
				CLANG_ENABLE_MODULES = YES;
				CLANG_ENABLE_OBJC_ARC = YES;
				CLANG_ENABLE_OBJC_WEAK = YES;
				CLANG_WARN_BLOCK_CAPTURE_AUTORELEASING = YES;
				CLANG_WARN_BOOL_CONVERSION = YES;
				CLANG_WARN_COMMA = YES;
				CLANG_WARN_CONSTANT_CONVERSION = YES;
				CLANG_WARN_DEPRECATED_OBJC_IMPLEMENTATIONS = YES;
				CLANG_WARN_DIRECT_OBJC_ISA_USAGE = YES_ERROR;
				CLANG_WARN_DOCUMENTATION_COMMENTS = YES;
				CLANG_WARN_EMPTY_BODY = YES;
				CLANG_WARN_ENUM_CONVERSION = YES;
				CLANG_WARN_INFINITE_RECURSION = YES;
				CLANG_WARN_INT_CONVERSION = YES;
				CLANG_WARN_NON_LITERAL_NULL_CONVERSION = YES;
				CLANG_WARN_OBJC_IMPLICIT_RETAIN_SELF = YES;
				CLANG_WARN_OBJC_LITERAL_CONVERSION = YES;
				CLANG_WARN_OBJC_ROOT_CLASS = YES_ERROR;
				CLANG_WARN_QUOTED_INCLUDE_IN_FRAMEWORK_HEADER = YES;
				CLANG_WARN_RANGE_LOOP_ANALYSIS = YES;
				CLANG_WARN_STRICT_PROTOTYPES = YES;
				CLANG_WARN_SUSPICIOUS_MOVE = YES;
				CLANG_WARN_UNGUARDED_AVAILABILITY = YES_AGGRESSIVE;
				CLANG_WARN_UNREACHABLE_CODE = YES;
				CLANG_WARN__DUPLICATE_METHOD_MATCH = YES;
				COPY_PHASE_STRIP = NO;
				DEBUG_INFORMATION_FORMAT = dwarf;
				ENABLE_STRICT_OBJC_MSGSEND = YES;
				ENABLE_TESTABILITY = YES;
				GCC_C_LANGUAGE_STANDARD = gnu11;
				GCC_DYNAMIC_NO_PIC = NO;
				GCC_NO_COMMON_BLOCKS = YES;
				GCC_OPTIMIZATION_LEVEL = 0;
				GCC_PREPROCESSOR_DEFINITIONS = (
					"DEBUG=1",
					"$(inherited)",
				);
				GCC_WARN_64_TO_32_BIT_CONVERSION = YES;
				GCC_WARN_ABOUT_RETURN_TYPE = YES_ERROR;
				GCC_WARN_UNDECLARED_SELECTOR = YES;
				GCC_WARN_UNINITIALIZED_AUTOS = YES_AGGRESSIVE;
				GCC_WARN_UNUSED_FUNCTION = YES;
				GCC_WARN_UNUSED_VARIABLE = YES;
				IPHONEOS_DEPLOYMENT_TARGET = 14.1;
				MTL_ENABLE_DEBUG_INFO = INCLUDE_SOURCE;
				MTL_FAST_MATH = YES;
				ONLY_ACTIVE_ARCH = YES;
				SDKROOT = iphoneos;
				SWIFT_ACTIVE_COMPILATION_CONDITIONS = DEBUG;
				SWIFT_OPTIMIZATION_LEVEL = "-Onone";
			};
			name = Debug;
		};
		11F749B5255EBE0E00E4CDE5 /* Release */ = {
			isa = XCBuildConfiguration;
			buildSettings = {
				ALWAYS_SEARCH_USER_PATHS = NO;
				CLANG_ANALYZER_NONNULL = YES;
				CLANG_ANALYZER_NUMBER_OBJECT_CONVERSION = YES_AGGRESSIVE;
				CLANG_CXX_LANGUAGE_STANDARD = "gnu++14";
				CLANG_CXX_LIBRARY = "libc++";
				CLANG_ENABLE_MODULES = YES;
				CLANG_ENABLE_OBJC_ARC = YES;
				CLANG_ENABLE_OBJC_WEAK = YES;
				CLANG_WARN_BLOCK_CAPTURE_AUTORELEASING = YES;
				CLANG_WARN_BOOL_CONVERSION = YES;
				CLANG_WARN_COMMA = YES;
				CLANG_WARN_CONSTANT_CONVERSION = YES;
				CLANG_WARN_DEPRECATED_OBJC_IMPLEMENTATIONS = YES;
				CLANG_WARN_DIRECT_OBJC_ISA_USAGE = YES_ERROR;
				CLANG_WARN_DOCUMENTATION_COMMENTS = YES;
				CLANG_WARN_EMPTY_BODY = YES;
				CLANG_WARN_ENUM_CONVERSION = YES;
				CLANG_WARN_INFINITE_RECURSION = YES;
				CLANG_WARN_INT_CONVERSION = YES;
				CLANG_WARN_NON_LITERAL_NULL_CONVERSION = YES;
				CLANG_WARN_OBJC_IMPLICIT_RETAIN_SELF = YES;
				CLANG_WARN_OBJC_LITERAL_CONVERSION = YES;
				CLANG_WARN_OBJC_ROOT_CLASS = YES_ERROR;
				CLANG_WARN_QUOTED_INCLUDE_IN_FRAMEWORK_HEADER = YES;
				CLANG_WARN_RANGE_LOOP_ANALYSIS = YES;
				CLANG_WARN_STRICT_PROTOTYPES = YES;
				CLANG_WARN_SUSPICIOUS_MOVE = YES;
				CLANG_WARN_UNGUARDED_AVAILABILITY = YES_AGGRESSIVE;
				CLANG_WARN_UNREACHABLE_CODE = YES;
				CLANG_WARN__DUPLICATE_METHOD_MATCH = YES;
				COPY_PHASE_STRIP = NO;
				DEBUG_INFORMATION_FORMAT = "dwarf-with-dsym";
				ENABLE_NS_ASSERTIONS = NO;
				ENABLE_STRICT_OBJC_MSGSEND = YES;
				GCC_C_LANGUAGE_STANDARD = gnu11;
				GCC_NO_COMMON_BLOCKS = YES;
				GCC_WARN_64_TO_32_BIT_CONVERSION = YES;
				GCC_WARN_ABOUT_RETURN_TYPE = YES_ERROR;
				GCC_WARN_UNDECLARED_SELECTOR = YES;
				GCC_WARN_UNINITIALIZED_AUTOS = YES_AGGRESSIVE;
				GCC_WARN_UNUSED_FUNCTION = YES;
				GCC_WARN_UNUSED_VARIABLE = YES;
				IPHONEOS_DEPLOYMENT_TARGET = 14.1;
				MTL_ENABLE_DEBUG_INFO = NO;
				MTL_FAST_MATH = YES;
				SDKROOT = iphoneos;
				SWIFT_COMPILATION_MODE = wholemodule;
				SWIFT_OPTIMIZATION_LEVEL = "-O";
				VALIDATE_PRODUCT = YES;
			};
			name = Release;
		};
		11F749B7255EBE0E00E4CDE5 /* Debug */ = {
			isa = XCBuildConfiguration;
			baseConfigurationReference = 411ED13789518C5803569AA2 /* Pods-freeNowiOSCodeChallenge.debug.xcconfig */;
			buildSettings = {
				ASSETCATALOG_COMPILER_APPICON_NAME = AppIcon;
				ASSETCATALOG_COMPILER_GLOBAL_ACCENT_COLOR_NAME = AccentColor;
				CODE_SIGN_STYLE = Automatic;
				DEVELOPMENT_TEAM = ZS8BG3AB6Y;
				INFOPLIST_FILE = freeNowiOSCodeChallenge/Info.plist;
				LD_RUNPATH_SEARCH_PATHS = (
					"$(inherited)",
					"@executable_path/Frameworks",
				);
				PRODUCT_BUNDLE_IDENTIFIER = com.newlandapps.freeNowiOSCodeChallenge;
				PRODUCT_NAME = "$(TARGET_NAME)";
				SWIFT_VERSION = 5.0;
				TARGETED_DEVICE_FAMILY = 1;
			};
			name = Debug;
		};
		11F749B8255EBE0E00E4CDE5 /* Release */ = {
			isa = XCBuildConfiguration;
			baseConfigurationReference = BB5B51A63F52B51B507983A7 /* Pods-freeNowiOSCodeChallenge.release.xcconfig */;
			buildSettings = {
				ASSETCATALOG_COMPILER_APPICON_NAME = AppIcon;
				ASSETCATALOG_COMPILER_GLOBAL_ACCENT_COLOR_NAME = AccentColor;
				CODE_SIGN_STYLE = Automatic;
				DEVELOPMENT_TEAM = ZS8BG3AB6Y;
				INFOPLIST_FILE = freeNowiOSCodeChallenge/Info.plist;
				LD_RUNPATH_SEARCH_PATHS = (
					"$(inherited)",
					"@executable_path/Frameworks",
				);
				PRODUCT_BUNDLE_IDENTIFIER = com.newlandapps.freeNowiOSCodeChallenge;
				PRODUCT_NAME = "$(TARGET_NAME)";
				SWIFT_VERSION = 5.0;
				TARGETED_DEVICE_FAMILY = 1;
			};
			name = Release;
		};
		11F749BA255EBE0E00E4CDE5 /* Debug */ = {
			isa = XCBuildConfiguration;
			baseConfigurationReference = DC0D941DC9611CC44424830D /* Pods-freeNowiOSCodeChallengeTests.debug.xcconfig */;
			buildSettings = {
				ALWAYS_EMBED_SWIFT_STANDARD_LIBRARIES = YES;
				BUNDLE_LOADER = "$(TEST_HOST)";
				CLANG_ENABLE_MODULES = YES;
				CODE_SIGN_STYLE = Automatic;
				DEVELOPMENT_TEAM = ZS8BG3AB6Y;
				INFOPLIST_FILE = freeNowiOSCodeChallengeTests/Info.plist;
				IPHONEOS_DEPLOYMENT_TARGET = 14.1;
				LD_RUNPATH_SEARCH_PATHS = (
					"$(inherited)",
					"@executable_path/Frameworks",
					"@loader_path/Frameworks",
				);
				PRODUCT_BUNDLE_IDENTIFIER = com.newlandapps.freeNowiOSCodeChallengeTests;
				PRODUCT_NAME = "$(TARGET_NAME)";
				SWIFT_OBJC_BRIDGING_HEADER = "freeNowiOSCodeChallengeTests/freeNowiOSCodeChallengeTests-Bridging-Header.h";
				SWIFT_OPTIMIZATION_LEVEL = "-Onone";
				SWIFT_VERSION = 5.0;
				TARGETED_DEVICE_FAMILY = "1,2";
				TEST_HOST = "$(BUILT_PRODUCTS_DIR)/freeNowiOSCodeChallenge.app/freeNowiOSCodeChallenge";
			};
			name = Debug;
		};
		11F749BB255EBE0E00E4CDE5 /* Release */ = {
			isa = XCBuildConfiguration;
			baseConfigurationReference = D73DC6CFE6963099C07DF00C /* Pods-freeNowiOSCodeChallengeTests.release.xcconfig */;
			buildSettings = {
				ALWAYS_EMBED_SWIFT_STANDARD_LIBRARIES = YES;
				BUNDLE_LOADER = "$(TEST_HOST)";
				CLANG_ENABLE_MODULES = YES;
				CODE_SIGN_STYLE = Automatic;
				DEVELOPMENT_TEAM = ZS8BG3AB6Y;
				INFOPLIST_FILE = freeNowiOSCodeChallengeTests/Info.plist;
				IPHONEOS_DEPLOYMENT_TARGET = 14.1;
				LD_RUNPATH_SEARCH_PATHS = (
					"$(inherited)",
					"@executable_path/Frameworks",
					"@loader_path/Frameworks",
				);
				PRODUCT_BUNDLE_IDENTIFIER = com.newlandapps.freeNowiOSCodeChallengeTests;
				PRODUCT_NAME = "$(TARGET_NAME)";
				SWIFT_OBJC_BRIDGING_HEADER = "freeNowiOSCodeChallengeTests/freeNowiOSCodeChallengeTests-Bridging-Header.h";
				SWIFT_VERSION = 5.0;
				TARGETED_DEVICE_FAMILY = "1,2";
				TEST_HOST = "$(BUILT_PRODUCTS_DIR)/freeNowiOSCodeChallenge.app/freeNowiOSCodeChallenge";
			};
			name = Release;
		};
		11F749BD255EBE0E00E4CDE5 /* Debug */ = {
			isa = XCBuildConfiguration;
			baseConfigurationReference = D3E3C1DB4ABB00B9D811A4F3 /* Pods-freeNowiOSCodeChallenge-freeNowiOSCodeChallengeUITests.debug.xcconfig */;
			buildSettings = {
				ALWAYS_EMBED_SWIFT_STANDARD_LIBRARIES = YES;
				CODE_SIGN_STYLE = Automatic;
				DEVELOPMENT_TEAM = ZS8BG3AB6Y;
				INFOPLIST_FILE = freeNowiOSCodeChallengeUITests/Info.plist;
				LD_RUNPATH_SEARCH_PATHS = (
					"$(inherited)",
					"@executable_path/Frameworks",
					"@loader_path/Frameworks",
				);
				PRODUCT_BUNDLE_IDENTIFIER = com.newlandapps.freeNowiOSCodeChallengeUITests;
				PRODUCT_NAME = "$(TARGET_NAME)";
				SWIFT_VERSION = 5.0;
				TARGETED_DEVICE_FAMILY = "1,2";
				TEST_TARGET_NAME = freeNowiOSCodeChallenge;
			};
			name = Debug;
		};
		11F749BE255EBE0E00E4CDE5 /* Release */ = {
			isa = XCBuildConfiguration;
			baseConfigurationReference = D9FD848BF266CD2023B7D127 /* Pods-freeNowiOSCodeChallenge-freeNowiOSCodeChallengeUITests.release.xcconfig */;
			buildSettings = {
				ALWAYS_EMBED_SWIFT_STANDARD_LIBRARIES = YES;
				CODE_SIGN_STYLE = Automatic;
				DEVELOPMENT_TEAM = ZS8BG3AB6Y;
				INFOPLIST_FILE = freeNowiOSCodeChallengeUITests/Info.plist;
				LD_RUNPATH_SEARCH_PATHS = (
					"$(inherited)",
					"@executable_path/Frameworks",
					"@loader_path/Frameworks",
				);
				PRODUCT_BUNDLE_IDENTIFIER = com.newlandapps.freeNowiOSCodeChallengeUITests;
				PRODUCT_NAME = "$(TARGET_NAME)";
				SWIFT_VERSION = 5.0;
				TARGETED_DEVICE_FAMILY = "1,2";
				TEST_TARGET_NAME = freeNowiOSCodeChallenge;
			};
			name = Release;
		};
/* End XCBuildConfiguration section */

/* Begin XCConfigurationList section */
		11F74987255EBDFC00E4CDE5 /* Build configuration list for PBXProject "freeNowiOSCodeChallenge" */ = {
			isa = XCConfigurationList;
			buildConfigurations = (
				11F749B4255EBE0E00E4CDE5 /* Debug */,
				11F749B5255EBE0E00E4CDE5 /* Release */,
			);
			defaultConfigurationIsVisible = 0;
			defaultConfigurationName = Release;
		};
		11F749B6255EBE0E00E4CDE5 /* Build configuration list for PBXNativeTarget "freeNowiOSCodeChallenge" */ = {
			isa = XCConfigurationList;
			buildConfigurations = (
				11F749B7255EBE0E00E4CDE5 /* Debug */,
				11F749B8255EBE0E00E4CDE5 /* Release */,
			);
			defaultConfigurationIsVisible = 0;
			defaultConfigurationName = Release;
		};
		11F749B9255EBE0E00E4CDE5 /* Build configuration list for PBXNativeTarget "freeNowiOSCodeChallengeTests" */ = {
			isa = XCConfigurationList;
			buildConfigurations = (
				11F749BA255EBE0E00E4CDE5 /* Debug */,
				11F749BB255EBE0E00E4CDE5 /* Release */,
			);
			defaultConfigurationIsVisible = 0;
			defaultConfigurationName = Release;
		};
		11F749BC255EBE0E00E4CDE5 /* Build configuration list for PBXNativeTarget "freeNowiOSCodeChallengeUITests" */ = {
			isa = XCConfigurationList;
			buildConfigurations = (
				11F749BD255EBE0E00E4CDE5 /* Debug */,
				11F749BE255EBE0E00E4CDE5 /* Release */,
			);
			defaultConfigurationIsVisible = 0;
			defaultConfigurationName = Release;
		};
/* End XCConfigurationList section */

/* Begin XCRemoteSwiftPackageReference section */
		113C1BD0256425FC0063017F /* XCRemoteSwiftPackageReference "ActivityIndicator" */ = {
			isa = XCRemoteSwiftPackageReference;
			repositoryURL = "https://github.com/kjoe07/ActivityIndicator.git";
			requirement = {
				branch = master;
				kind = branch;
			};
		};
/* End XCRemoteSwiftPackageReference section */

/* Begin XCSwiftPackageProductDependency section */
		113C1BD1256425FC0063017F /* ActivityIndicator */ = {
			isa = XCSwiftPackageProductDependency;
			package = 113C1BD0256425FC0063017F /* XCRemoteSwiftPackageReference "ActivityIndicator" */;
			productName = ActivityIndicator;
		};
/* End XCSwiftPackageProductDependency section */
	};
	rootObject = 11F74984255EBDFC00E4CDE5 /* Project object */;
}
